
Microsoft Visual Studio Solution File, Format Version 12.00
# Visual Studio Express 2012 for Windows Desktop
Project("{FAE04EC0-301F-11D3-BF4B-00C04F79EFBC}") = "Urna", "Urna\Urna.csproj", "{BBB989B1-3B42-4939-A751-213B2A62B957}"
EndProject
Global
	GlobalSection(SolutionConfigurationPlatforms) = preSolution
		Debug|Any CPU = Debug|Any CPU
		Release|Any CPU = Release|Any CPU
	EndGlobalSection
	GlobalSection(ProjectConfigurationPlatforms) = postSolution
		{BBB989B1-3B42-4939-A751-213B2A62B957}.Debug|Any CPU.ActiveCfg = Debug|Any CPU
		{BBB989B1-3B42-4939-A751-213B2A62B957}.Debug|Any CPU.Build.0 = Debug|Any CPU
		{BBB989B1-3B42-4939-A751-213B2A62B957}.Release|Any CPU.ActiveCfg = Release|Any CPU
		{BBB989B1-3B42-4939-A751-213B2A62B957}.Release|Any CPU.Build.0 = Release|Any CPU
	EndGlobalSection
	GlobalSection(SolutionProperties) = preSolution
		HideSolutionNode = FALSE
	EndGlobalSection
EndGlobal
